
Microsoft Visual Studio Solution File, Format Version 11.00
# Visual Studio 2010
Project("{8BC9CEB8-8B4A-11D0-8D11-00A0C91BC942}") = "woxl_tool", "woxl_tool\woxl_tool.vcxproj", "{5B3EF2BB-2EA1-4F2C-842A-113213D3B526}"
EndProject
Global
	GlobalSection(SolutionConfigurationPlatforms) = preSolution
		Debug|Win32 = Debug|Win32
		Release|Win32 = Release|Win32
	EndGlobalSection
	GlobalSection(ProjectConfigurationPlatforms) = postSolution
		{5B3EF2BB-2EA1-4F2C-842A-113213D3B526}.Debug|Win32.ActiveCfg = Debug|Win32
		{5B3EF2BB-2EA1-4F2C-842A-113213D3B526}.Debug|Win32.Build.0 = Debug|Win32
		{5B3EF2BB-2EA1-4F2C-842A-113213D3B526}.Release|Win32.ActiveCfg = Release|Win32
		{5B3EF2BB-2EA1-4F2C-842A-113213D3B526}.Release|Win32.Build.0 = Release|Win32
	EndGlobalSection
	GlobalSection(SolutionProperties) = preSolution
		HideSolutionNode = FALSE
	EndGlobalSection
EndGlobal
